
Microsoft Visual Studio Solution File, Format Version 12.00
# Visual Studio Version 17
VisualStudioVersion = 17.4.33213.308
MinimumVisualStudioVersion = 10.0.40219.1
Project("{FAE04EC0-301F-11D3-BF4B-00C04F79EFBC}") = "ConsoleTutor", "ConsoleTutor\ConsoleTutor.csproj", "{96CE81A5-6513-4C89-94AD-00B614177220}"
EndProject
Global
	GlobalSection(SolutionConfigurationPlatforms) = preSolution
		Debug|Any CPU = Debug|Any CPU
		Release|Any CPU = Release|Any CPU
	EndGlobalSection
	GlobalSection(ProjectConfigurationPlatforms) = postSolution
		{96CE81A5-6513-4C89-94AD-00B614177220}.Debug|Any CPU.ActiveCfg = Debug|Any CPU
		{96CE81A5-6513-4C89-94AD-00B614177220}.Debug|Any CPU.Build.0 = Debug|Any CPU
		{96CE81A5-6513-4C89-94AD-00B614177220}.Release|Any CPU.ActiveCfg = Release|Any CPU
		{96CE81A5-6513-4C89-94AD-00B614177220}.Release|Any CPU.Build.0 = Release|Any CPU
	EndGlobalSection
	GlobalSection(SolutionProperties) = preSolution
		HideSolutionNode = FALSE
	EndGlobalSection
	GlobalSection(ExtensibilityGlobals) = postSolution
		SolutionGuid = {B4CF11C5-754D-447B-8F0D-F7B6F27B906B}
	EndGlobalSection
EndGlobal
